{
  "name": "OTPify",
  "lockfileVersion": 3,
  "requires": true,
  "packages": {
    "node_modules/@noble/hashes": {
      "version": "1.7.1",
      "resolved": "https://registry.npmjs.org/@noble/hashes/-/hashes-1.7.1.tgz",
      "integrity": "sha512-B8XBPsn4vT/KJAGqDzbwztd+6Yte3P4V7iafm24bxgDe/mlRuK6xmWPuCNrKt2vDafZ8MfJLlchDG/vYafQEjQ==",
      "engines": {
        "node": "^14.21.3 || >=16"
      },
      "funding": {
        "url": "https://paulmillr.com/funding/"
      }
    },
    "node_modules/otpauth": {
      "version": "9.4.0",
      "resolved": "https://registry.npmjs.org/otpauth/-/otpauth-9.4.0.tgz",
      "integrity": "sha512-fHIfzIG5RqCkK9cmV8WU+dPQr9/ebR5QOwGZn2JAr1RQF+lmAuLL2YdtdqvmBjNmgJlYk3KZ4a0XokaEhg1Jsw==",
      "dependencies": {
        "@noble/hashes": "1.7.1"
      },
      "funding": {
        "url": "https://github.com/hectorm/otpauth?sponsor=1"
      }
    },
    "node_modules/rsa-securid": {
      "version": "2.0.8",
      "resolved": "https://registry.npmjs.org/rsa-securid/-/rsa-securid-2.0.8.tgz",
      "integrity": "sha512-Pk2nq1UUKMnrnhu10OITuOTVumG2mmAD/Q+iI4z6k/REw6DtUdEEtN9l5bAbxhWQcK1CzPj6rgRJt0tXu0giwQ=="
    }
  }
}
